
Microsoft Visual Studio Solution File, Format Version 12.00
# Visual Studio Version 17
VisualStudioVersion = 17.11.35219.272
MinimumVisualStudioVersion = 10.0.40219.1
Project("{FAE04EC0-301F-11D3-BF4B-00C04F79EFBC}") = "Goblin Fortress", "Goblin Fortress.csproj", "{23221FAD-33B6-460F-8CB1-486EA5F6CA37}"
EndProject
Global
	GlobalSection(SolutionConfigurationPlatforms) = preSolution
		Debug|Any CPU = Debug|Any CPU
		Release|Any CPU = Release|Any CPU
	EndGlobalSection
	GlobalSection(ProjectConfigurationPlatforms) = postSolution
		{23221FAD-33B6-460F-8CB1-486EA5F6CA37}.Debug|Any CPU.ActiveCfg = Debug|Any CPU
		{23221FAD-33B6-460F-8CB1-486EA5F6CA37}.Debug|Any CPU.Build.0 = Debug|Any CPU
		{23221FAD-33B6-460F-8CB1-486EA5F6CA37}.Release|Any CPU.ActiveCfg = Release|Any CPU
		{23221FAD-33B6-460F-8CB1-486EA5F6CA37}.Release|Any CPU.Build.0 = Release|Any CPU
	EndGlobalSection
	GlobalSection(SolutionProperties) = preSolution
		HideSolutionNode = FALSE
	EndGlobalSection
	GlobalSection(ExtensibilityGlobals) = postSolution
		SolutionGuid = {6BB023D1-2918-44EB-AD21-4655A5FBE709}
	EndGlobalSection
EndGlobal
